
Microsoft Visual Studio Solution File, Format Version 12.00
Project("{FAE04EC0-301F-11D3-BF4B-00C04F79EFBC}") = "Assembler", "Assembler\Assembler.csproj", "{EB7FAF8E-2228-4C78-AB5A-BD9F2FB88AB5}"
EndProject
Project("{FAE04EC0-301F-11D3-BF4B-00C04F79EFBC}") = "Assembler.Tests", "Assembler.Tests\Assembler.Tests.csproj", "{8725A28C-20FE-49AB-BE09-EE4A9F79B43B}"
EndProject
Project("{FAE04EC0-301F-11D3-BF4B-00C04F79EFBC}") = "VirtualMachine", "VirtualMachine\VirtualMachine.csproj", "{BB0743C1-1E7F-43FC-ADD7-E46356815CA9}"
EndProject
Project("{FAE04EC0-301F-11D3-BF4B-00C04F79EFBC}") = "Analyzer", "Analyzer\Analyzer.csproj", "{16BE2566-9C14-4CE2-BA6E-C85295314A2F}"
EndProject
Project("{FAE04EC0-301F-11D3-BF4B-00C04F79EFBC}") = "Analyzer.Tests", "Analyzer.Tests\Analyzer.Tests.csproj", "{B717E4BB-0E81-4C0A-8B77-AEFAD3AF7E0A}"
EndProject
Project("{FAE04EC0-301F-11D3-BF4B-00C04F79EFBC}") = "Compiler", "Compiler\Compiler.csproj", "{562AC36E-3D75-4B9E-BC1F-1F8F54AB5057}"
EndProject
Global
	GlobalSection(SolutionConfigurationPlatforms) = preSolution
		Debug|Any CPU = Debug|Any CPU
		Release|Any CPU = Release|Any CPU
	EndGlobalSection
	GlobalSection(ProjectConfigurationPlatforms) = postSolution
		{EB7FAF8E-2228-4C78-AB5A-BD9F2FB88AB5}.Debug|Any CPU.ActiveCfg = Debug|Any CPU
		{EB7FAF8E-2228-4C78-AB5A-BD9F2FB88AB5}.Debug|Any CPU.Build.0 = Debug|Any CPU
		{EB7FAF8E-2228-4C78-AB5A-BD9F2FB88AB5}.Release|Any CPU.ActiveCfg = Release|Any CPU
		{EB7FAF8E-2228-4C78-AB5A-BD9F2FB88AB5}.Release|Any CPU.Build.0 = Release|Any CPU
		{EB7FAF8E-2228-4C78-AB5A-BD9F2FB88AB5}.Release|Any CPU.Deploy.0 = Release|Any CPU
		{8725A28C-20FE-49AB-BE09-EE4A9F79B43B}.Debug|Any CPU.ActiveCfg = Debug|Any CPU
		{8725A28C-20FE-49AB-BE09-EE4A9F79B43B}.Debug|Any CPU.Build.0 = Debug|Any CPU
		{8725A28C-20FE-49AB-BE09-EE4A9F79B43B}.Release|Any CPU.ActiveCfg = Release|Any CPU
		{8725A28C-20FE-49AB-BE09-EE4A9F79B43B}.Release|Any CPU.Build.0 = Release|Any CPU
		{BB0743C1-1E7F-43FC-ADD7-E46356815CA9}.Debug|Any CPU.ActiveCfg = Debug|Any CPU
		{BB0743C1-1E7F-43FC-ADD7-E46356815CA9}.Debug|Any CPU.Build.0 = Debug|Any CPU
		{BB0743C1-1E7F-43FC-ADD7-E46356815CA9}.Release|Any CPU.ActiveCfg = Release|Any CPU
		{BB0743C1-1E7F-43FC-ADD7-E46356815CA9}.Release|Any CPU.Build.0 = Release|Any CPU
		{16BE2566-9C14-4CE2-BA6E-C85295314A2F}.Debug|Any CPU.ActiveCfg = Debug|Any CPU
		{16BE2566-9C14-4CE2-BA6E-C85295314A2F}.Debug|Any CPU.Build.0 = Debug|Any CPU
		{16BE2566-9C14-4CE2-BA6E-C85295314A2F}.Release|Any CPU.ActiveCfg = Release|Any CPU
		{16BE2566-9C14-4CE2-BA6E-C85295314A2F}.Release|Any CPU.Build.0 = Release|Any CPU
		{B717E4BB-0E81-4C0A-8B77-AEFAD3AF7E0A}.Debug|Any CPU.ActiveCfg = Debug|Any CPU
		{B717E4BB-0E81-4C0A-8B77-AEFAD3AF7E0A}.Debug|Any CPU.Build.0 = Debug|Any CPU
		{B717E4BB-0E81-4C0A-8B77-AEFAD3AF7E0A}.Release|Any CPU.ActiveCfg = Release|Any CPU
		{B717E4BB-0E81-4C0A-8B77-AEFAD3AF7E0A}.Release|Any CPU.Build.0 = Release|Any CPU
		{562AC36E-3D75-4B9E-BC1F-1F8F54AB5057}.Debug|Any CPU.ActiveCfg = Debug|Any CPU
		{562AC36E-3D75-4B9E-BC1F-1F8F54AB5057}.Debug|Any CPU.Build.0 = Debug|Any CPU
		{562AC36E-3D75-4B9E-BC1F-1F8F54AB5057}.Release|Any CPU.ActiveCfg = Release|Any CPU
		{562AC36E-3D75-4B9E-BC1F-1F8F54AB5057}.Release|Any CPU.Build.0 = Release|Any CPU
	EndGlobalSection
EndGlobal
