
Microsoft Visual Studio Solution File, Format Version 12.00
Project("{FAE04EC0-301F-11D3-BF4B-00C04F79EFBC}") = "Assembler", "Assembler\Assembler.csproj", "{EB7FAF8E-2228-4C78-AB5A-BD9F2FB88AB5}"
EndProject
Project("{FAE04EC0-301F-11D3-BF4B-00C04F79EFBC}") = "Assembler.Tests", "Assembler.Tests\Assembler.Tests.csproj", "{8725A28C-20FE-49AB-BE09-EE4A9F79B43B}"
EndProject
Global
	GlobalSection(SolutionConfigurationPlatforms) = preSolution
		Debug|Any CPU = Debug|Any CPU
		Release|Any CPU = Release|Any CPU
	EndGlobalSection
	GlobalSection(ProjectConfigurationPlatforms) = postSolution
		{EB7FAF8E-2228-4C78-AB5A-BD9F2FB88AB5}.Debug|Any CPU.ActiveCfg = Debug|Any CPU
		{EB7FAF8E-2228-4C78-AB5A-BD9F2FB88AB5}.Debug|Any CPU.Build.0 = Debug|Any CPU
		{EB7FAF8E-2228-4C78-AB5A-BD9F2FB88AB5}.Release|Any CPU.ActiveCfg = Release|Any CPU
		{EB7FAF8E-2228-4C78-AB5A-BD9F2FB88AB5}.Release|Any CPU.Build.0 = Release|Any CPU
		{EB7FAF8E-2228-4C78-AB5A-BD9F2FB88AB5}.Release|Any CPU.Deploy.0 = Release|Any CPU
		{8725A28C-20FE-49AB-BE09-EE4A9F79B43B}.Debug|Any CPU.ActiveCfg = Debug|Any CPU
		{8725A28C-20FE-49AB-BE09-EE4A9F79B43B}.Debug|Any CPU.Build.0 = Debug|Any CPU
		{8725A28C-20FE-49AB-BE09-EE4A9F79B43B}.Release|Any CPU.ActiveCfg = Release|Any CPU
		{8725A28C-20FE-49AB-BE09-EE4A9F79B43B}.Release|Any CPU.Build.0 = Release|Any CPU
	EndGlobalSection
EndGlobal
